
Microsoft Visual Studio Solution File, Format Version 12.00
# Visual Studio Version 16
VisualStudioVersion = 16.0.29306.81
MinimumVisualStudioVersion = 10.0.40219.1
Project("{FAE04EC0-301F-11D3-BF4B-00C04F79EFBC}") = "CalculatorAttempt2", "CalculatorAttempt2\CalculatorAttempt2.csproj", "{DFC3EB79-C647-4952-B8B7-DE809D2C38F3}"
EndProject
Project("{FAE04EC0-301F-11D3-BF4B-00C04F79EFBC}") = "CalculatorTests", "CalculatorTests\CalculatorTests.csproj", "{58ADD6B2-9B9F-45C2-90A8-B651B2F4CFD3}"
EndProject
Global
	GlobalSection(SolutionConfigurationPlatforms) = preSolution
		Debug|Any CPU = Debug|Any CPU
		Release|Any CPU = Release|Any CPU
	EndGlobalSection
	GlobalSection(ProjectConfigurationPlatforms) = postSolution
		{DFC3EB79-C647-4952-B8B7-DE809D2C38F3}.Debug|Any CPU.ActiveCfg = Debug|Any CPU
		{DFC3EB79-C647-4952-B8B7-DE809D2C38F3}.Debug|Any CPU.Build.0 = Debug|Any CPU
		{DFC3EB79-C647-4952-B8B7-DE809D2C38F3}.Release|Any CPU.ActiveCfg = Release|Any CPU
		{DFC3EB79-C647-4952-B8B7-DE809D2C38F3}.Release|Any CPU.Build.0 = Release|Any CPU
		{58ADD6B2-9B9F-45C2-90A8-B651B2F4CFD3}.Debug|Any CPU.ActiveCfg = Debug|Any CPU
		{58ADD6B2-9B9F-45C2-90A8-B651B2F4CFD3}.Debug|Any CPU.Build.0 = Debug|Any CPU
		{58ADD6B2-9B9F-45C2-90A8-B651B2F4CFD3}.Release|Any CPU.ActiveCfg = Release|Any CPU
		{58ADD6B2-9B9F-45C2-90A8-B651B2F4CFD3}.Release|Any CPU.Build.0 = Release|Any CPU
	EndGlobalSection
	GlobalSection(SolutionProperties) = preSolution
		HideSolutionNode = FALSE
	EndGlobalSection
	GlobalSection(ExtensibilityGlobals) = postSolution
		SolutionGuid = {820A97D8-51B7-4FEA-815E-187D7B4730D3}
	EndGlobalSection
EndGlobal
